
Microsoft Visual Studio Solution File, Format Version 12.00
# Visual Studio 15
VisualStudioVersion = 15.0.26430.6
MinimumVisualStudioVersion = 10.0.40219.1
Project("{FAE04EC0-301F-11D3-BF4B-00C04F79EFBC}") = "LibrarySystem.ConsoleClient", "LibrarySystem.ConsoleClient\LibrarySystem.ConsoleClient.csproj", "{C824C31F-675B-4FDA-A12C-F9B9163DCFD5}"
EndProject
Project("{FAE04EC0-301F-11D3-BF4B-00C04F79EFBC}") = "LibrarySystem.Data", "LibrarySystem.Data\LibrarySystem.Data.csproj", "{61618AA7-D25B-4187-86DA-5573D6ACA674}"
EndProject
Project("{FAE04EC0-301F-11D3-BF4B-00C04F79EFBC}") = "LibrarySystem.Models", "LibrarySystem.Models\LibrarySystem.Models.csproj", "{9E5B3906-0B41-460F-B22F-5AE1AB2547C3}"
EndProject
Project("{FAE04EC0-301F-11D3-BF4B-00C04F79EFBC}") = "LibrarySystem.FileImporters", "LibrarySystem.FileImporters\LibrarySystem.FileImporters.csproj", "{50CBCFE6-367F-4BEC-9599-B960DF8DD394}"
EndProject
Project("{FAE04EC0-301F-11D3-BF4B-00C04F79EFBC}") = "LibrarySystem.FileExporters", "LibrarySystem.FileExporters\LibrarySystem.FileExporters.csproj", "{59500C07-FEEB-4833-9E02-E13B14FCFAAD}"
EndProject
Project("{FAE04EC0-301F-11D3-BF4B-00C04F79EFBC}") = "LibrarySystem.FileExporters.UnitTests", "LibrarySystem.FileExporters.UnitTests\LibrarySystem.FileExporters.UnitTests.csproj", "{80468EE4-FD4B-4A51-B7C1-87D578778632}"
EndProject
Global
	GlobalSection(SolutionConfigurationPlatforms) = preSolution
		Debug|Any CPU = Debug|Any CPU
		Release|Any CPU = Release|Any CPU
	EndGlobalSection
	GlobalSection(ProjectConfigurationPlatforms) = postSolution
		{C824C31F-675B-4FDA-A12C-F9B9163DCFD5}.Debug|Any CPU.ActiveCfg = Debug|Any CPU
		{C824C31F-675B-4FDA-A12C-F9B9163DCFD5}.Debug|Any CPU.Build.0 = Debug|Any CPU
		{C824C31F-675B-4FDA-A12C-F9B9163DCFD5}.Release|Any CPU.ActiveCfg = Release|Any CPU
		{C824C31F-675B-4FDA-A12C-F9B9163DCFD5}.Release|Any CPU.Build.0 = Release|Any CPU
		{61618AA7-D25B-4187-86DA-5573D6ACA674}.Debug|Any CPU.ActiveCfg = Debug|Any CPU
		{61618AA7-D25B-4187-86DA-5573D6ACA674}.Debug|Any CPU.Build.0 = Debug|Any CPU
		{61618AA7-D25B-4187-86DA-5573D6ACA674}.Release|Any CPU.ActiveCfg = Release|Any CPU
		{61618AA7-D25B-4187-86DA-5573D6ACA674}.Release|Any CPU.Build.0 = Release|Any CPU
		{9E5B3906-0B41-460F-B22F-5AE1AB2547C3}.Debug|Any CPU.ActiveCfg = Debug|Any CPU
		{9E5B3906-0B41-460F-B22F-5AE1AB2547C3}.Debug|Any CPU.Build.0 = Debug|Any CPU
		{9E5B3906-0B41-460F-B22F-5AE1AB2547C3}.Release|Any CPU.ActiveCfg = Release|Any CPU
		{9E5B3906-0B41-460F-B22F-5AE1AB2547C3}.Release|Any CPU.Build.0 = Release|Any CPU
		{50CBCFE6-367F-4BEC-9599-B960DF8DD394}.Debug|Any CPU.ActiveCfg = Debug|Any CPU
		{50CBCFE6-367F-4BEC-9599-B960DF8DD394}.Debug|Any CPU.Build.0 = Debug|Any CPU
		{50CBCFE6-367F-4BEC-9599-B960DF8DD394}.Release|Any CPU.ActiveCfg = Release|Any CPU
		{50CBCFE6-367F-4BEC-9599-B960DF8DD394}.Release|Any CPU.Build.0 = Release|Any CPU
		{59500C07-FEEB-4833-9E02-E13B14FCFAAD}.Debug|Any CPU.ActiveCfg = Debug|Any CPU
		{59500C07-FEEB-4833-9E02-E13B14FCFAAD}.Debug|Any CPU.Build.0 = Debug|Any CPU
		{59500C07-FEEB-4833-9E02-E13B14FCFAAD}.Release|Any CPU.ActiveCfg = Release|Any CPU
		{59500C07-FEEB-4833-9E02-E13B14FCFAAD}.Release|Any CPU.Build.0 = Release|Any CPU
		{80468EE4-FD4B-4A51-B7C1-87D578778632}.Debug|Any CPU.ActiveCfg = Debug|Any CPU
		{80468EE4-FD4B-4A51-B7C1-87D578778632}.Debug|Any CPU.Build.0 = Debug|Any CPU
		{80468EE4-FD4B-4A51-B7C1-87D578778632}.Release|Any CPU.ActiveCfg = Release|Any CPU
		{80468EE4-FD4B-4A51-B7C1-87D578778632}.Release|Any CPU.Build.0 = Release|Any CPU
	EndGlobalSection
	GlobalSection(SolutionProperties) = preSolution
		HideSolutionNode = FALSE
	EndGlobalSection
EndGlobal
