
Microsoft Visual Studio Solution File, Format Version 12.00
# Visual Studio 15
VisualStudioVersion = 15.0.26430.6
MinimumVisualStudioVersion = 10.0.40219.1
Project("{FAE04EC0-301F-11D3-BF4B-00C04F79EFBC}") = "LibrarySystem.ConsoleClient", "LibrarySystem.ConsoleClient\LibrarySystem.ConsoleClient.csproj", "{C824C31F-675B-4FDA-A12C-F9B9163DCFD5}"
EndProject
Project("{FAE04EC0-301F-11D3-BF4B-00C04F79EFBC}") = "LibrarySystem.Data", "LibrarySystem.Data\LibrarySystem.Data.csproj", "{61618AA7-D25B-4187-86DA-5573D6ACA674}"
EndProject
Project("{FAE04EC0-301F-11D3-BF4B-00C04F79EFBC}") = "LibrarySystem.Models", "LibrarySystem.Models\LibrarySystem.Models.csproj", "{9E5B3906-0B41-460F-B22F-5AE1AB2547C3}"
EndProject
Project("{FAE04EC0-301F-11D3-BF4B-00C04F79EFBC}") = "LibrarySystem.Models.UnitTests", "LibrarySystem.Models.UnitTests\LibrarySystem.Models.UnitTests.csproj", "{C720EEAF-EE42-43F9-9444-2EE407267519}"
EndProject
Project("{FAE04EC0-301F-11D3-BF4B-00C04F79EFBC}") = "LibrarySystem.Commands", "LibrarySystem.Commands\LibrarySystem.Commands.csproj", "{303021B6-6799-4B4C-99DD-6BB7B7C734FB}"
EndProject
Project("{FAE04EC0-301F-11D3-BF4B-00C04F79EFBC}") = "LibrarySystem.Commands.Contracts", "LibrarySystem.Commands.Contracts\LibrarySystem.Commands.Contracts.csproj", "{6796AA66-40A1-41D9-87A8-7B9A3C75FC54}"
EndProject
Project("{FAE04EC0-301F-11D3-BF4B-00C04F79EFBC}") = "LibrarySystem.Commands.UnitTests", "LibrarySystem.Commands.UnitTests\LibrarySystem.Commands.UnitTests.csproj", "{A704AE7F-1351-4677-8920-9856C6162F3D}"
EndProject
Project("{FAE04EC0-301F-11D3-BF4B-00C04F79EFBC}") = "LibrarySystem.Framework.Contracts", "LibrarySystem.Framework.Contracts\LibrarySystem.Framework.Contracts.csproj", "{E341A03B-1A85-487E-BFE0-ED3DCC0EDBD4}"
EndProject
Project("{FAE04EC0-301F-11D3-BF4B-00C04F79EFBC}") = "LibrarySystem.Framework.UnitTests", "LibrarySystem.Framework.UnitTests\LibrarySystem.Framework.UnitTests.csproj", "{057A997B-FF7C-4820-8276-8D5207E089CC}"
EndProject
Project("{FAE04EC0-301F-11D3-BF4B-00C04F79EFBC}") = "LibrarySystem.Framework", "LibrarySystem.Framework\LibrarySystem.Framework.csproj", "{1B46B6F6-B19E-4170-B09E-F9B4EA2C8A38}"
EndProject
Project("{FAE04EC0-301F-11D3-BF4B-00C04F79EFBC}") = "LibrarySystem.ConsoleClient.UnitTests", "LibrarySystem.ConsoleClient.UnitTests\LibrarySystem.ConsoleClient.UnitTests.csproj", "{3EFD1A2D-267D-48BC-A3E0-DA1D5DC86A5F}"
EndProject
Project("{FAE04EC0-301F-11D3-BF4B-00C04F79EFBC}") = "LibrarySystem.Data.Users", "LibrarySystem.Data.Users\LibrarySystem.Data.Users.csproj", "{7C88EE61-DB89-4AE3-A37D-7EF2B878210B}"
EndProject
Global
	GlobalSection(SolutionConfigurationPlatforms) = preSolution
		Debug|Any CPU = Debug|Any CPU
		Release|Any CPU = Release|Any CPU
	EndGlobalSection
	GlobalSection(ProjectConfigurationPlatforms) = postSolution
		{C824C31F-675B-4FDA-A12C-F9B9163DCFD5}.Debug|Any CPU.ActiveCfg = Debug|Any CPU
		{C824C31F-675B-4FDA-A12C-F9B9163DCFD5}.Debug|Any CPU.Build.0 = Debug|Any CPU
		{C824C31F-675B-4FDA-A12C-F9B9163DCFD5}.Release|Any CPU.ActiveCfg = Release|Any CPU
		{C824C31F-675B-4FDA-A12C-F9B9163DCFD5}.Release|Any CPU.Build.0 = Release|Any CPU
		{61618AA7-D25B-4187-86DA-5573D6ACA674}.Debug|Any CPU.ActiveCfg = Debug|Any CPU
		{61618AA7-D25B-4187-86DA-5573D6ACA674}.Debug|Any CPU.Build.0 = Debug|Any CPU
		{61618AA7-D25B-4187-86DA-5573D6ACA674}.Release|Any CPU.ActiveCfg = Release|Any CPU
		{61618AA7-D25B-4187-86DA-5573D6ACA674}.Release|Any CPU.Build.0 = Release|Any CPU
		{9E5B3906-0B41-460F-B22F-5AE1AB2547C3}.Debug|Any CPU.ActiveCfg = Debug|Any CPU
		{9E5B3906-0B41-460F-B22F-5AE1AB2547C3}.Debug|Any CPU.Build.0 = Debug|Any CPU
		{9E5B3906-0B41-460F-B22F-5AE1AB2547C3}.Release|Any CPU.ActiveCfg = Release|Any CPU
		{9E5B3906-0B41-460F-B22F-5AE1AB2547C3}.Release|Any CPU.Build.0 = Release|Any CPU
		{C720EEAF-EE42-43F9-9444-2EE407267519}.Debug|Any CPU.ActiveCfg = Debug|Any CPU
		{C720EEAF-EE42-43F9-9444-2EE407267519}.Debug|Any CPU.Build.0 = Debug|Any CPU
		{C720EEAF-EE42-43F9-9444-2EE407267519}.Release|Any CPU.ActiveCfg = Release|Any CPU
		{C720EEAF-EE42-43F9-9444-2EE407267519}.Release|Any CPU.Build.0 = Release|Any CPU
		{303021B6-6799-4B4C-99DD-6BB7B7C734FB}.Debug|Any CPU.ActiveCfg = Debug|Any CPU
		{303021B6-6799-4B4C-99DD-6BB7B7C734FB}.Debug|Any CPU.Build.0 = Debug|Any CPU
		{303021B6-6799-4B4C-99DD-6BB7B7C734FB}.Release|Any CPU.ActiveCfg = Release|Any CPU
		{303021B6-6799-4B4C-99DD-6BB7B7C734FB}.Release|Any CPU.Build.0 = Release|Any CPU
		{6796AA66-40A1-41D9-87A8-7B9A3C75FC54}.Debug|Any CPU.ActiveCfg = Debug|Any CPU
		{6796AA66-40A1-41D9-87A8-7B9A3C75FC54}.Debug|Any CPU.Build.0 = Debug|Any CPU
		{6796AA66-40A1-41D9-87A8-7B9A3C75FC54}.Release|Any CPU.ActiveCfg = Release|Any CPU
		{6796AA66-40A1-41D9-87A8-7B9A3C75FC54}.Release|Any CPU.Build.0 = Release|Any CPU
		{A704AE7F-1351-4677-8920-9856C6162F3D}.Debug|Any CPU.ActiveCfg = Debug|Any CPU
		{A704AE7F-1351-4677-8920-9856C6162F3D}.Debug|Any CPU.Build.0 = Debug|Any CPU
		{A704AE7F-1351-4677-8920-9856C6162F3D}.Release|Any CPU.ActiveCfg = Release|Any CPU
		{A704AE7F-1351-4677-8920-9856C6162F3D}.Release|Any CPU.Build.0 = Release|Any CPU
		{E341A03B-1A85-487E-BFE0-ED3DCC0EDBD4}.Debug|Any CPU.ActiveCfg = Debug|Any CPU
		{E341A03B-1A85-487E-BFE0-ED3DCC0EDBD4}.Debug|Any CPU.Build.0 = Debug|Any CPU
		{E341A03B-1A85-487E-BFE0-ED3DCC0EDBD4}.Release|Any CPU.ActiveCfg = Release|Any CPU
		{E341A03B-1A85-487E-BFE0-ED3DCC0EDBD4}.Release|Any CPU.Build.0 = Release|Any CPU
		{057A997B-FF7C-4820-8276-8D5207E089CC}.Debug|Any CPU.ActiveCfg = Debug|Any CPU
		{057A997B-FF7C-4820-8276-8D5207E089CC}.Debug|Any CPU.Build.0 = Debug|Any CPU
		{057A997B-FF7C-4820-8276-8D5207E089CC}.Release|Any CPU.ActiveCfg = Release|Any CPU
		{057A997B-FF7C-4820-8276-8D5207E089CC}.Release|Any CPU.Build.0 = Release|Any CPU
		{1B46B6F6-B19E-4170-B09E-F9B4EA2C8A38}.Debug|Any CPU.ActiveCfg = Debug|Any CPU
		{1B46B6F6-B19E-4170-B09E-F9B4EA2C8A38}.Debug|Any CPU.Build.0 = Debug|Any CPU
		{1B46B6F6-B19E-4170-B09E-F9B4EA2C8A38}.Release|Any CPU.ActiveCfg = Release|Any CPU
		{1B46B6F6-B19E-4170-B09E-F9B4EA2C8A38}.Release|Any CPU.Build.0 = Release|Any CPU
		{3EFD1A2D-267D-48BC-A3E0-DA1D5DC86A5F}.Debug|Any CPU.ActiveCfg = Debug|Any CPU
		{3EFD1A2D-267D-48BC-A3E0-DA1D5DC86A5F}.Debug|Any CPU.Build.0 = Debug|Any CPU
		{3EFD1A2D-267D-48BC-A3E0-DA1D5DC86A5F}.Release|Any CPU.ActiveCfg = Release|Any CPU
		{3EFD1A2D-267D-48BC-A3E0-DA1D5DC86A5F}.Release|Any CPU.Build.0 = Release|Any CPU
		{7C88EE61-DB89-4AE3-A37D-7EF2B878210B}.Debug|Any CPU.ActiveCfg = Debug|Any CPU
		{7C88EE61-DB89-4AE3-A37D-7EF2B878210B}.Debug|Any CPU.Build.0 = Debug|Any CPU
		{7C88EE61-DB89-4AE3-A37D-7EF2B878210B}.Release|Any CPU.ActiveCfg = Release|Any CPU
		{7C88EE61-DB89-4AE3-A37D-7EF2B878210B}.Release|Any CPU.Build.0 = Release|Any CPU
	EndGlobalSection
	GlobalSection(SolutionProperties) = preSolution
		HideSolutionNode = FALSE
	EndGlobalSection
EndGlobal
